
Microsoft Visual Studio Solution File, Format Version 12.00
# Visual Studio 15
Project("{FAE04EC0-301F-11D3-BF4B-00C04F79EFBC}") = "Unity.2D.Tilemap.Extras", "Unity.2D.Tilemap.Extras.csproj", "{5E153E09-6A92-0699-2C31-C35962ECC264}"
EndProject
Project("{FAE04EC0-301F-11D3-BF4B-00C04F79EFBC}") = "Assembly-CSharp", "Assembly-CSharp.csproj", "{AE6C76EF-BED1-818C-7195-41E2D4D1A124}"
EndProject
Project("{FAE04EC0-301F-11D3-BF4B-00C04F79EFBC}") = "Unity.2D.Tilemap.Extras.Editor", "Unity.2D.Tilemap.Extras.Editor.csproj", "{3AE91F6D-6A06-6D49-D1BF-C5EDA04A0B2E}"
EndProject
Project("{FAE04EC0-301F-11D3-BF4B-00C04F79EFBC}") = "Unity.2D.Tilemap.Extras.Placeholder.EditorTests", "Unity.2D.Tilemap.Extras.Placeholder.EditorTests.csproj", "{8EE6B584-53F2-1955-E4AD-4E5D456687B7}"
EndProject
Project("{FAE04EC0-301F-11D3-BF4B-00C04F79EFBC}") = "Assembly-CSharp-Editor", "Assembly-CSharp-Editor.csproj", "{19CB062F-DB7C-8A99-BB86-9A3A6587D9B6}"
EndProject
Global
	GlobalSection(SolutionConfigurationPlatforms) = preSolution
		Debug|Any CPU = Debug|Any CPU
		Release|Any CPU = Release|Any CPU
	EndGlobalSection
	GlobalSection(ProjectConfigurationPlatforms) = postSolution
		{5E153E09-6A92-0699-2C31-C35962ECC264}.Debug|Any CPU.ActiveCfg = Debug|Any CPU
		{5E153E09-6A92-0699-2C31-C35962ECC264}.Debug|Any CPU.Build.0 = Debug|Any CPU
		{5E153E09-6A92-0699-2C31-C35962ECC264}.Release|Any CPU.ActiveCfg = Release|Any CPU
		{5E153E09-6A92-0699-2C31-C35962ECC264}.Release|Any CPU.Build.0 = Release|Any CPU
		{AE6C76EF-BED1-818C-7195-41E2D4D1A124}.Debug|Any CPU.ActiveCfg = Debug|Any CPU
		{AE6C76EF-BED1-818C-7195-41E2D4D1A124}.Debug|Any CPU.Build.0 = Debug|Any CPU
		{AE6C76EF-BED1-818C-7195-41E2D4D1A124}.Release|Any CPU.ActiveCfg = Release|Any CPU
		{AE6C76EF-BED1-818C-7195-41E2D4D1A124}.Release|Any CPU.Build.0 = Release|Any CPU
		{3AE91F6D-6A06-6D49-D1BF-C5EDA04A0B2E}.Debug|Any CPU.ActiveCfg = Debug|Any CPU
		{3AE91F6D-6A06-6D49-D1BF-C5EDA04A0B2E}.Debug|Any CPU.Build.0 = Debug|Any CPU
		{3AE91F6D-6A06-6D49-D1BF-C5EDA04A0B2E}.Release|Any CPU.ActiveCfg = Release|Any CPU
		{3AE91F6D-6A06-6D49-D1BF-C5EDA04A0B2E}.Release|Any CPU.Build.0 = Release|Any CPU
		{8EE6B584-53F2-1955-E4AD-4E5D456687B7}.Debug|Any CPU.ActiveCfg = Debug|Any CPU
		{8EE6B584-53F2-1955-E4AD-4E5D456687B7}.Debug|Any CPU.Build.0 = Debug|Any CPU
		{8EE6B584-53F2-1955-E4AD-4E5D456687B7}.Release|Any CPU.ActiveCfg = Release|Any CPU
		{8EE6B584-53F2-1955-E4AD-4E5D456687B7}.Release|Any CPU.Build.0 = Release|Any CPU
		{19CB062F-DB7C-8A99-BB86-9A3A6587D9B6}.Debug|Any CPU.ActiveCfg = Debug|Any CPU
		{19CB062F-DB7C-8A99-BB86-9A3A6587D9B6}.Debug|Any CPU.Build.0 = Debug|Any CPU
		{19CB062F-DB7C-8A99-BB86-9A3A6587D9B6}.Release|Any CPU.ActiveCfg = Release|Any CPU
		{19CB062F-DB7C-8A99-BB86-9A3A6587D9B6}.Release|Any CPU.Build.0 = Release|Any CPU
	EndGlobalSection
	GlobalSection(SolutionProperties) = preSolution
		HideSolutionNode = FALSE
	EndGlobalSection
EndGlobal
